schema: '2.0'
stages:
  prepare:
    cmd: uv run prepare-data
    deps:
    - path: configs/config.yaml
      hash: md5
      md5: d1bb78da59ed1664bce5d88ff8f11e08
      size: 453
    - path: data/raw/airfoil_self_noise.dat
      hash: md5
      md5: b12d5b7b475ec7b3971d97f21e377414
      size: 59984
    - path: src/airfoil_noise/config.py
      hash: md5
      md5: 72b84aeb362e82b72b45decd043d3659
      size: 2495
    - path: src/airfoil_noise/data/prepare.py
      hash: md5
      md5: 00f7fd9325ef2bfc57d3bdfd1dccdcc3
      size: 5489
    outs:
    - path: data/processed
      hash: md5
      md5: 3e1ae7c4efc169cee0fa1af80b16248f.dir
      size: 211857
      nfiles: 4
